{
  "name": "wcl-example",
  "version": "0.1.0",
  "lockfileVersion": 3,
  "requires": true,
  "packages": {
    "": {
      "name": "wcl-example",
      "version": "0.1.0",
      "dependencies": {
        "wcl-wasm": "file:../../bindings/wasm"
      }
    },
    "../../bindings/wasm": {
      "name": "wcl-wasm",
      "version": "0.0.0-local",
      "license": "MIT"
    },
    "node_modules/wcl-wasm": {
      "resolved": "../../bindings/wasm",
      "link": true
    }
  }
}
